
Microsoft Visual Studio Solution File, Format Version 12.00
# Visual Studio 15
VisualStudioVersion = 15.0.28307.271
MinimumVisualStudioVersion = 10.0.40219.1
Project("{FAE04EC0-301F-11D3-BF4B-00C04F79EFBC}") = "WebServiceDg", "WebServiceDg\WebServiceDg.csproj", "{058BA5A7-6A0E-432F-9C8D-77869B271276}"
EndProject
Global
	GlobalSection(SolutionConfigurationPlatforms) = preSolution
		Debug|Any CPU = Debug|Any CPU
		Release|Any CPU = Release|Any CPU
	EndGlobalSection
	GlobalSection(ProjectConfigurationPlatforms) = postSolution
		{058BA5A7-6A0E-432F-9C8D-77869B271276}.Debug|Any CPU.ActiveCfg = Debug|Any CPU
		{058BA5A7-6A0E-432F-9C8D-77869B271276}.Debug|Any CPU.Build.0 = Debug|Any CPU
		{058BA5A7-6A0E-432F-9C8D-77869B271276}.Release|Any CPU.ActiveCfg = Release|Any CPU
		{058BA5A7-6A0E-432F-9C8D-77869B271276}.Release|Any CPU.Build.0 = Release|Any CPU
	EndGlobalSection
	GlobalSection(SolutionProperties) = preSolution
		HideSolutionNode = FALSE
	EndGlobalSection
	GlobalSection(ExtensibilityGlobals) = postSolution
		SolutionGuid = {58D06791-F754-40E5-947B-DA177DD5EEF9}
	EndGlobalSection
EndGlobal
